
Microsoft Visual Studio Solution File, Format Version 12.00
# Visual Studio Version 17
VisualStudioVersion = 17.4.33205.214
MinimumVisualStudioVersion = 10.0.40219.1
Project("{2150E333-8FDC-42A3-9474-1A3956D46DE8}") = "src", "src", "{1D40912C-C91E-4254-B463-7B0DCC226572}"
EndProject
Project("{2150E333-8FDC-42A3-9474-1A3956D46DE8}") = "client", "client", "{6585F22A-56AA-47D9-BFFE-2C1A797984FB}"
EndProject
Project("{2150E333-8FDC-42A3-9474-1A3956D46DE8}") = "server", "server", "{CF7BA36D-AC33-4790-9798-2D243EA368FF}"
EndProject
Project("{2150E333-8FDC-42A3-9474-1A3956D46DE8}") = "core", "core", "{711B7CDF-5719-4CD6-A1B3-AB318E9FF0B0}"
EndProject
Project("{2150E333-8FDC-42A3-9474-1A3956D46DE8}") = "persistence", "persistence", "{475622E8-4828-41B1-A6B5-B112C798352A}"
EndProject
Project("{2150E333-8FDC-42A3-9474-1A3956D46DE8}") = "presentation", "presentation", "{D4AAF1F2-241E-4D64-A754-178C4D14B6D1}"
EndProject
Project("{9A19103F-16F7-4668-BE54-9A1E7A4F7556}") = "App.Domain", "src\server\core\App.Domain\App.Domain.csproj", "{860542FB-916D-463C-B601-528F3A501F19}"
EndProject
Project("{9A19103F-16F7-4668-BE54-9A1E7A4F7556}") = "App.API", "src\server\presentation\App.API\App.API.csproj", "{74213746-B1BF-4622-B85E-0ED0A439950B}"
EndProject
Project("{9A19103F-16F7-4668-BE54-9A1E7A4F7556}") = "App.Application", "src\server\core\App.Application\App.Application.csproj", "{888C3426-13FE-4F23-9DCC-738B1FC80CA4}"
EndProject
Project("{9A19103F-16F7-4668-BE54-9A1E7A4F7556}") = "App.Persistence", "src\server\persistence\App.Persistence\App.Persistence.csproj", "{D61D9DA5-E2E0-4030-97EE-46E2948B4935}"
EndProject
Project("{2150E333-8FDC-42A3-9474-1A3956D46DE8}") = "Infrastructure", "Infrastructure", "{0633B27F-24BA-4740-ADCA-2532A46711A9}"
EndProject
Project("{9A19103F-16F7-4668-BE54-9A1E7A4F7556}") = "App.Infrastructure", "src\server\Infrastructure\App.Infrastructure\App.Infrastructure.csproj", "{00E80DD4-ADE7-4994-BB6B-F006F718EA32}"
EndProject
Project("{FAE04EC0-301F-11D3-BF4B-00C04F79EFBC}") = "App.WEB", "src\client\App.WEB\App.WEB.csproj", "{E66CA7E8-E561-4A24-B450-5217E273EDEF}"
EndProject
Global
	GlobalSection(SolutionConfigurationPlatforms) = preSolution
		Debug|Any CPU = Debug|Any CPU
		Release|Any CPU = Release|Any CPU
	EndGlobalSection
	GlobalSection(ProjectConfigurationPlatforms) = postSolution
		{860542FB-916D-463C-B601-528F3A501F19}.Debug|Any CPU.ActiveCfg = Debug|Any CPU
		{860542FB-916D-463C-B601-528F3A501F19}.Debug|Any CPU.Build.0 = Debug|Any CPU
		{860542FB-916D-463C-B601-528F3A501F19}.Release|Any CPU.ActiveCfg = Release|Any CPU
		{860542FB-916D-463C-B601-528F3A501F19}.Release|Any CPU.Build.0 = Release|Any CPU
		{74213746-B1BF-4622-B85E-0ED0A439950B}.Debug|Any CPU.ActiveCfg = Debug|Any CPU
		{74213746-B1BF-4622-B85E-0ED0A439950B}.Debug|Any CPU.Build.0 = Debug|Any CPU
		{74213746-B1BF-4622-B85E-0ED0A439950B}.Release|Any CPU.ActiveCfg = Release|Any CPU
		{74213746-B1BF-4622-B85E-0ED0A439950B}.Release|Any CPU.Build.0 = Release|Any CPU
		{888C3426-13FE-4F23-9DCC-738B1FC80CA4}.Debug|Any CPU.ActiveCfg = Debug|Any CPU
		{888C3426-13FE-4F23-9DCC-738B1FC80CA4}.Debug|Any CPU.Build.0 = Debug|Any CPU
		{888C3426-13FE-4F23-9DCC-738B1FC80CA4}.Release|Any CPU.ActiveCfg = Release|Any CPU
		{888C3426-13FE-4F23-9DCC-738B1FC80CA4}.Release|Any CPU.Build.0 = Release|Any CPU
		{D61D9DA5-E2E0-4030-97EE-46E2948B4935}.Debug|Any CPU.ActiveCfg = Debug|Any CPU
		{D61D9DA5-E2E0-4030-97EE-46E2948B4935}.Debug|Any CPU.Build.0 = Debug|Any CPU
		{D61D9DA5-E2E0-4030-97EE-46E2948B4935}.Release|Any CPU.ActiveCfg = Release|Any CPU
		{D61D9DA5-E2E0-4030-97EE-46E2948B4935}.Release|Any CPU.Build.0 = Release|Any CPU
		{00E80DD4-ADE7-4994-BB6B-F006F718EA32}.Debug|Any CPU.ActiveCfg = Debug|Any CPU
		{00E80DD4-ADE7-4994-BB6B-F006F718EA32}.Debug|Any CPU.Build.0 = Debug|Any CPU
		{00E80DD4-ADE7-4994-BB6B-F006F718EA32}.Release|Any CPU.ActiveCfg = Release|Any CPU
		{00E80DD4-ADE7-4994-BB6B-F006F718EA32}.Release|Any CPU.Build.0 = Release|Any CPU
		{E66CA7E8-E561-4A24-B450-5217E273EDEF}.Debug|Any CPU.ActiveCfg = Debug|Any CPU
		{E66CA7E8-E561-4A24-B450-5217E273EDEF}.Debug|Any CPU.Build.0 = Debug|Any CPU
		{E66CA7E8-E561-4A24-B450-5217E273EDEF}.Release|Any CPU.ActiveCfg = Release|Any CPU
		{E66CA7E8-E561-4A24-B450-5217E273EDEF}.Release|Any CPU.Build.0 = Release|Any CPU
	EndGlobalSection
	GlobalSection(SolutionProperties) = preSolution
		HideSolutionNode = FALSE
	EndGlobalSection
	GlobalSection(NestedProjects) = preSolution
		{6585F22A-56AA-47D9-BFFE-2C1A797984FB} = {1D40912C-C91E-4254-B463-7B0DCC226572}
		{CF7BA36D-AC33-4790-9798-2D243EA368FF} = {1D40912C-C91E-4254-B463-7B0DCC226572}
		{711B7CDF-5719-4CD6-A1B3-AB318E9FF0B0} = {CF7BA36D-AC33-4790-9798-2D243EA368FF}
		{475622E8-4828-41B1-A6B5-B112C798352A} = {CF7BA36D-AC33-4790-9798-2D243EA368FF}
		{D4AAF1F2-241E-4D64-A754-178C4D14B6D1} = {CF7BA36D-AC33-4790-9798-2D243EA368FF}
		{860542FB-916D-463C-B601-528F3A501F19} = {711B7CDF-5719-4CD6-A1B3-AB318E9FF0B0}
		{74213746-B1BF-4622-B85E-0ED0A439950B} = {D4AAF1F2-241E-4D64-A754-178C4D14B6D1}
		{888C3426-13FE-4F23-9DCC-738B1FC80CA4} = {711B7CDF-5719-4CD6-A1B3-AB318E9FF0B0}
		{D61D9DA5-E2E0-4030-97EE-46E2948B4935} = {475622E8-4828-41B1-A6B5-B112C798352A}
		{0633B27F-24BA-4740-ADCA-2532A46711A9} = {CF7BA36D-AC33-4790-9798-2D243EA368FF}
		{00E80DD4-ADE7-4994-BB6B-F006F718EA32} = {0633B27F-24BA-4740-ADCA-2532A46711A9}
		{E66CA7E8-E561-4A24-B450-5217E273EDEF} = {6585F22A-56AA-47D9-BFFE-2C1A797984FB}
	EndGlobalSection
	GlobalSection(ExtensibilityGlobals) = postSolution
		SolutionGuid = {2CA85658-8546-41E2-9604-F2F557510BC6}
	EndGlobalSection
EndGlobal
